// !$*UTF8*$!
{
	archiveVersion = 1;
	classes = {
	};
	objectVersion = 77;
	objects = {

/* Begin PBXContainerItemProxy section */
		F28B492E2ED1D01B002687C7 /* PBXContainerItemProxy */ = {
			isa = PBXContainerItemProxy;
			containerPortal = F28B49182ED1D019002687C7 /* Project object */;
			proxyType = 1;
			remoteGlobalIDString = F28B491F2ED1D019002687C7;
			remoteInfo = Polarwing;
		};
		F28B49382ED1D01B002687C7 /* PBXContainerItemProxy */ = {
			isa = PBXContainerItemProxy;
			containerPortal = F28B49182ED1D019002687C7 /* Project object */;
			proxyType = 1;
			remoteGlobalIDString = F28B491F2ED1D019002687C7;
			remoteInfo = Polarwing;
		};
/* End PBXContainerItemProxy section */

/* Begin PBXFileReference section */
		F28B49202ED1D019002687C7 /* Polarwing.app */ = {isa = PBXFileReference; explicitFileType = wrapper.application; includeInIndex = 0; path = Polarwing.app; sourceTree = BUILT_PRODUCTS_DIR; };
		F28B492D2ED1D01B002687C7 /* PolarwingTests.xctest */ = {isa = PBXFileReference; explicitFileType = wrapper.cfbundle; includeInIndex = 0; path = PolarwingTests.xctest; sourceTree = BUILT_PRODUCTS_DIR; };
		F28B49372ED1D01B002687C7 /* PolarwingUITests.xctest */ = {isa = PBXFileReference; explicitFileType = wrapper.cfbundle; includeInIndex = 0; path = PolarwingUITests.xctest; sourceTree = BUILT_PRODUCTS_DIR; };
/* End PBXFileReference section */

/* Begin PBXFileSystemSynchronizedRootGroup section */
		F28B49222ED1D019002687C7 /* Polarwing */ = {
			isa = PBXFileSystemSynchronizedRootGroup;
			path = Polarwing;
			sourceTree = "<group>";
		};
		F28B49302ED1D01B002687C7 /* PolarwingTests */ = {
			isa = PBXFileSystemSynchronizedRootGroup;
			path = PolarwingTests;
			sourceTree = "<group>";
		};
		F28B493A2ED1D01B002687C7 /* PolarwingUITests */ = {
			isa = PBXFileSystemSynchronizedRootGroup;
			path = PolarwingUITests;
			sourceTree = "<group>";
		};
/* End PBXFileSystemSynchronizedRootGroup section */

/* Begin PBXFrameworksBuildPhase section */
		F28B491D2ED1D019002687C7 /* Frameworks */ = {
			isa = PBXFrameworksBuildPhase;
			buildActionMask = 2147483647;
			files = (
			);
			runOnlyForDeploymentPostprocessing = 0;
		};
		F28B492A2ED1D01B002687C7 /* Frameworks */ = {
			isa = PBXFrameworksBuildPhase;
			buildActionMask = 2147483647;
			files = (
			);
			runOnlyForDeploymentPostprocessing = 0;
		};
		F28B49342ED1D01B002687C7 /* Frameworks */ = {
			isa = PBXFrameworksBuildPhase;
			buildActionMask = 2147483647;
			files = (
			);
			runOnlyForDeploymentPostprocessing = 0;
		};
/* End PBXFrameworksBuildPhase section */

/* Begin PBXGroup section */
		F28B49172ED1D019002687C7 = {
			isa = PBXGroup;
			children = (
				F28B49222ED1D019002687C7 /* Polarwing */,
				F28B49302ED1D01B002687C7 /* PolarwingTests */,
				F28B493A2ED1D01B002687C7 /* PolarwingUITests */,
				F28B49212ED1D019002687C7 /* Products */,
			);
			sourceTree = "<group>";
		};
		F28B49212ED1D019002687C7 /* Products */ = {
			isa = PBXGroup;
			children = (
				F28B49202ED1D019002687C7 /* Polarwing.app */,
				F28B492D2ED1D01B002687C7 /* PolarwingTests.xctest */,
				F28B49372ED1D01B002687C7 /* PolarwingUITests.xctest */,
			);
			name = Products;
			sourceTree = "<group>";
		};
/* End PBXGroup section */

/* Begin PBXNativeTarget section */
		F28B491F2ED1D019002687C7 /* Polarwing */ = {
			isa = PBXNativeTarget;
			buildConfigurationList = F28B49412ED1D01B002687C7 /* Build configuration list for PBXNativeTarget "Polarwing" */;
			buildPhases = (
				F28B491C2ED1D019002687C7 /* Sources */,
				F28B491D2ED1D019002687C7 /* Frameworks */,
				F28B491E2ED1D019002687C7 /* Resources */,
			);
			buildRules = (
			);
			dependencies = (
			);
			fileSystemSynchronizedGroups = (
				F28B49222ED1D019002687C7 /* Polarwing */,
			);
			name = Polarwing;
			packageProductDependencies = (
			);
			productName = Polarwing;
			productReference = F28B49202ED1D019002687C7 /* Polarwing.app */;
			productType = "com.apple.product-type.application";
		};
		F28B492C2ED1D01B002687C7 /* PolarwingTests */ = {
			isa = PBXNativeTarget;
			buildConfigurationList = F28B49442ED1D01B002687C7 /* Build configuration list for PBXNativeTarget "PolarwingTests" */;
			buildPhases = (
				F28B49292ED1D01B002687C7 /* Sources */,
				F28B492A2ED1D01B002687C7 /* Frameworks */,
				F28B492B2ED1D01B002687C7 /* Resources */,
			);
			buildRules = (
			);
			dependencies = (
				F28B492F2ED1D01B002687C7 /* PBXTargetDependency */,
			);
			fileSystemSynchronizedGroups = (
				F28B49302ED1D01B002687C7 /* PolarwingTests */,
			);
			name = PolarwingTests;
			packageProductDependencies = (
			);
			productName = PolarwingTests;
			productReference = F28B492D2ED1D01B002687C7 /* PolarwingTests.xctest */;
			productType = "com.apple.product-type.bundle.unit-test";
		};
		F28B49362ED1D01B002687C7 /* PolarwingUITests */ = {
			isa = PBXNativeTarget;
			buildConfigurationList = F28B49472ED1D01B002687C7 /* Build configuration list for PBXNativeTarget "PolarwingUITests" */;
			buildPhases = (
				F28B49332ED1D01B002687C7 /* Sources */,
				F28B49342ED1D01B002687C7 /* Frameworks */,
				F28B49352ED1D01B002687C7 /* Resources */,
			);
			buildRules = (
			);
			dependencies = (
				F28B49392ED1D01B002687C7 /* PBXTargetDependency */,
			);
			fileSystemSynchronizedGroups = (
				F28B493A2ED1D01B002687C7 /* PolarwingUITests */,
			);
			name = PolarwingUITests;
			packageProductDependencies = (
			);
			productName = PolarwingUITests;
			productReference = F28B49372ED1D01B002687C7 /* PolarwingUITests.xctest */;
			productType = "com.apple.product-type.bundle.ui-testing";
		};
/* End PBXNativeTarget section */

/* Begin PBXProject section */
		F28B49182ED1D019002687C7 /* Project object */ = {
			isa = PBXProject;
			attributes = {
				BuildIndependentTargetsInParallel = 1;
				LastSwiftUpdateCheck = 1640;
				LastUpgradeCheck = 1640;
				TargetAttributes = {
					F28B491F2ED1D019002687C7 = {
						CreatedOnToolsVersion = 16.4;
					};
					F28B492C2ED1D01B002687C7 = {
						CreatedOnToolsVersion = 16.4;
						TestTargetID = F28B491F2ED1D019002687C7;
					};
					F28B49362ED1D01B002687C7 = {
						CreatedOnToolsVersion = 16.4;
						TestTargetID = F28B491F2ED1D019002687C7;
					};
				};
			};
			buildConfigurationList = F28B491B2ED1D019002687C7 /* Build configuration list for PBXProject "Polarwing" */;
			developmentRegion = en;
			hasScannedForEncodings = 0;
			knownRegions = (
				en,
				Base,
			);
			mainGroup = F28B49172ED1D019002687C7;
			minimizedProjectReferenceProxies = 1;
			preferredProjectObjectVersion = 77;
			productRefGroup = F28B49212ED1D019002687C7 /* Products */;
			projectDirPath = "";
			projectRoot = "";
			targets = (
				F28B491F2ED1D019002687C7 /* Polarwing */,
				F28B492C2ED1D01B002687C7 /* PolarwingTests */,
				F28B49362ED1D01B002687C7 /* PolarwingUITests */,
			);
		};
/* End PBXProject section */

/* Begin PBXResourcesBuildPhase section */
		F28B491E2ED1D019002687C7 /* Resources */ = {
			isa = PBXResourcesBuildPhase;
			buildActionMask = 2147483647;
			files = (
			);
			runOnlyForDeploymentPostprocessing = 0;
		};
		F28B492B2ED1D01B002687C7 /* Resources */ = {
			isa = PBXResourcesBuildPhase;
			buildActionMask = 2147483647;
			files = (
			);
			runOnlyForDeploymentPostprocessing = 0;
		};
		F28B49352ED1D01B002687C7 /* Resources */ = {
			isa = PBXResourcesBuildPhase;
			buildActionMask = 2147483647;
			files = (
			);
			runOnlyForDeploymentPostprocessing = 0;
		};
/* End PBXResourcesBuildPhase section */

/* Begin PBXSourcesBuildPhase section */
		F28B491C2ED1D019002687C7 /* Sources */ = {
			isa = PBXSourcesBuildPhase;
			buildActionMask = 2147483647;
			files = (
			);
			runOnlyForDeploymentPostprocessing = 0;
		};
		F28B49292ED1D01B002687C7 /* Sources */ = {
			isa = PBXSourcesBuildPhase;
			buildActionMask = 2147483647;
			files = (
			);
			runOnlyForDeploymentPostprocessing = 0;
		};
		F28B49332ED1D01B002687C7 /* Sources */ = {
			isa = PBXSourcesBuildPhase;
			buildActionMask = 2147483647;
			files = (
			);
			runOnlyForDeploymentPostprocessing = 0;
		};
/* End PBXSourcesBuildPhase section */

/* Begin PBXTargetDependency section */
		F28B492F2ED1D01B002687C7 /* PBXTargetDependency */ = {
			isa = PBXTargetDependency;
			target = F28B491F2ED1D019002687C7 /* Polarwing */;
			targetProxy = F28B492E2ED1D01B002687C7 /* PBXContainerItemProxy */;
		};
		F28B49392ED1D01B002687C7 /* PBXTargetDependency */ = {
			isa = PBXTargetDependency;
			target = F28B491F2ED1D019002687C7 /* Polarwing */;
			targetProxy = F28B49382ED1D01B002687C7 /* PBXContainerItemProxy */;
		};
/* End PBXTargetDependency section */

/* Begin XCBuildConfiguration section */
		F28B493F2ED1D01B002687C7 /* Debug */ = {
			isa = XCBuildConfiguration;
			buildSettings = {
				ALWAYS_SEARCH_USER_PATHS = NO;
				ASSETCATALOG_COMPILER_GENERATE_SWIFT_ASSET_SYMBOL_EXTENSIONS = YES;
				CLANG_ANALYZER_NONNULL = YES;
				CLANG_ANALYZER_NUMBER_OBJECT_CONVERSION = YES_AGGRESSIVE;
				CLANG_CXX_LANGUAGE_STANDARD = "gnu++20";
				CLANG_ENABLE_MODULES = YES;
				CLANG_ENABLE_OBJC_ARC = YES;
				CLANG_ENABLE_OBJC_WEAK = YES;
				CLANG_WARN_BLOCK_CAPTURE_AUTORELEASING = YES;
				CLANG_WARN_BOOL_CONVERSION = YES;
				CLANG_WARN_COMMA = YES;
				CLANG_WARN_CONSTANT_CONVERSION = YES;
				CLANG_WARN_DEPRECATED_OBJC_IMPLEMENTATIONS = YES;
				CLANG_WARN_DIRECT_OBJC_ISA_USAGE = YES_ERROR;
				CLANG_WARN_DOCUMENTATION_COMMENTS = YES;
				CLANG_WARN_EMPTY_BODY = YES;
				CLANG_WARN_ENUM_CONVERSION = YES;
				CLANG_WARN_INFINITE_RECURSION = YES;
				CLANG_WARN_INT_CONVERSION = YES;
				CLANG_WARN_NON_LITERAL_NULL_CONVERSION = YES;
				CLANG_WARN_OBJC_IMPLICIT_RETAIN_SELF = YES;
				CLANG_WARN_OBJC_LITERAL_CONVERSION = YES;
				CLANG_WARN_OBJC_ROOT_CLASS = YES_ERROR;
				CLANG_WARN_QUOTED_INCLUDE_IN_FRAMEWORK_HEADER = YES;
				CLANG_WARN_RANGE_LOOP_ANALYSIS = YES;
				CLANG_WARN_STRICT_PROTOTYPES = YES;
				CLANG_WARN_SUSPICIOUS_MOVE = YES;
				CLANG_WARN_UNGUARDED_AVAILABILITY = YES_AGGRESSIVE;
				CLANG_WARN_UNREACHABLE_CODE = YES;
				CLANG_WARN__DUPLICATE_METHOD_MATCH = YES;
				COPY_PHASE_STRIP = NO;
				DEBUG_INFORMATION_FORMAT = dwarf;
				DEVELOPMENT_TEAM = UD3269PSCB;
				ENABLE_STRICT_OBJC_MSGSEND = YES;
				ENABLE_TESTABILITY = YES;
				ENABLE_USER_SCRIPT_SANDBOXING = YES;
				GCC_C_LANGUAGE_STANDARD = gnu17;
				GCC_DYNAMIC_NO_PIC = NO;
				GCC_NO_COMMON_BLOCKS = YES;
				GCC_OPTIMIZATION_LEVEL = 0;
				GCC_PREPROCESSOR_DEFINITIONS = (
					"DEBUG=1",
					"$(inherited)",
				);
				GCC_WARN_64_TO_32_BIT_CONVERSION = YES;
				GCC_WARN_ABOUT_RETURN_TYPE = YES_ERROR;
				GCC_WARN_UNDECLARED_SELECTOR = YES;
				GCC_WARN_UNINITIALIZED_AUTOS = YES_AGGRESSIVE;
				GCC_WARN_UNUSED_FUNCTION = YES;
				GCC_WARN_UNUSED_VARIABLE = YES;
				IPHONEOS_DEPLOYMENT_TARGET = 18.5;
				LOCALIZATION_PREFERS_STRING_CATALOGS = YES;
				MTL_ENABLE_DEBUG_INFO = INCLUDE_SOURCE;
				MTL_FAST_MATH = YES;
				ONLY_ACTIVE_ARCH = YES;
				SDKROOT = iphoneos;
				SWIFT_ACTIVE_COMPILATION_CONDITIONS = "DEBUG $(inherited)";
				SWIFT_OPTIMIZATION_LEVEL = "-Onone";
			};
			name = Debug;
		};
		F28B49402ED1D01B002687C7 /* Release */ = {
			isa = XCBuildConfiguration;
			buildSettings = {
				ALWAYS_SEARCH_USER_PATHS = NO;
				ASSETCATALOG_COMPILER_GENERATE_SWIFT_ASSET_SYMBOL_EXTENSIONS = YES;
				CLANG_ANALYZER_NONNULL = YES;
				CLANG_ANALYZER_NUMBER_OBJECT_CONVERSION = YES_AGGRESSIVE;
				CLANG_CXX_LANGUAGE_STANDARD = "gnu++20";
				CLANG_ENABLE_MODULES = YES;
				CLANG_ENABLE_OBJC_ARC = YES;
				CLANG_ENABLE_OBJC_WEAK = YES;
				CLANG_WARN_BLOCK_CAPTURE_AUTORELEASING = YES;
				CLANG_WARN_BOOL_CONVERSION = YES;
				CLANG_WARN_COMMA = YES;
				CLANG_WARN_CONSTANT_CONVERSION = YES;
				CLANG_WARN_DEPRECATED_OBJC_IMPLEMENTATIONS = YES;
				CLANG_WARN_DIRECT_OBJC_ISA_USAGE = YES_ERROR;
				CLANG_WARN_DOCUMENTATION_COMMENTS = YES;
				CLANG_WARN_EMPTY_BODY = YES;
				CLANG_WARN_ENUM_CONVERSION = YES;
				CLANG_WARN_INFINITE_RECURSION = YES;
				CLANG_WARN_INT_CONVERSION = YES;
				CLANG_WARN_NON_LITERAL_NULL_CONVERSION = YES;
				CLANG_WARN_OBJC_IMPLICIT_RETAIN_SELF = YES;
				CLANG_WARN_OBJC_LITERAL_CONVERSION = YES;
				CLANG_WARN_OBJC_ROOT_CLASS = YES_ERROR;
				CLANG_WARN_QUOTED_INCLUDE_IN_FRAMEWORK_HEADER = YES;
				CLANG_WARN_RANGE_LOOP_ANALYSIS = YES;
				CLANG_WARN_STRICT_PROTOTYPES = YES;
				CLANG_WARN_SUSPICIOUS_MOVE = YES;
				CLANG_WARN_UNGUARDED_AVAILABILITY = YES_AGGRESSIVE;
				CLANG_WARN_UNREACHABLE_CODE = YES;
				CLANG_WARN__DUPLICATE_METHOD_MATCH = YES;
				COPY_PHASE_STRIP = NO;
				DEBUG_INFORMATION_FORMAT = "dwarf-with-dsym";
				DEVELOPMENT_TEAM = UD3269PSCB;
				ENABLE_NS_ASSERTIONS = NO;
				ENABLE_STRICT_OBJC_MSGSEND = YES;
				ENABLE_USER_SCRIPT_SANDBOXING = YES;
				GCC_C_LANGUAGE_STANDARD = gnu17;
				GCC_NO_COMMON_BLOCKS = YES;
				GCC_WARN_64_TO_32_BIT_CONVERSION = YES;
				GCC_WARN_ABOUT_RETURN_TYPE = YES_ERROR;
				GCC_WARN_UNDECLARED_SELECTOR = YES;
				GCC_WARN_UNINITIALIZED_AUTOS = YES_AGGRESSIVE;
				GCC_WARN_UNUSED_FUNCTION = YES;
				GCC_WARN_UNUSED_VARIABLE = YES;
				IPHONEOS_DEPLOYMENT_TARGET = 18.5;
				LOCALIZATION_PREFERS_STRING_CATALOGS = YES;
				MTL_ENABLE_DEBUG_INFO = NO;
				MTL_FAST_MATH = YES;
				SDKROOT = iphoneos;
				SWIFT_COMPILATION_MODE = wholemodule;
				VALIDATE_PRODUCT = YES;
			};
			name = Release;
		};
		F28B49422ED1D01B002687C7 /* Debug */ = {
			isa = XCBuildConfiguration;
			buildSettings = {
				ASSETCATALOG_COMPILER_APPICON_NAME = AppIcon;
				ASSETCATALOG_COMPILER_GLOBAL_ACCENT_COLOR_NAME = AccentColor;
				CODE_SIGN_ENTITLEMENTS = Polarwing/Polarwing.entitlements;
				CODE_SIGN_STYLE = Automatic;
				CURRENT_PROJECT_VERSION = 1;
				DEVELOPMENT_TEAM = UD3269PSCB;
				ENABLE_PREVIEWS = YES;
				GENERATE_INFOPLIST_FILE = YES;
				INFOPLIST_KEY_NSCameraUsageDescription = "需要访问相机以拍摄照片发帖";
				INFOPLIST_KEY_NSFaceIDUsageDescription = "Generate P256 Signature";
				INFOPLIST_KEY_NSPhotoLibraryAddUsageDescription = "需要保存拍摄的照片到相册";
				INFOPLIST_KEY_NSPhotoLibraryUsageDescription = "需要访问相册以选择照片发帖";
				INFOPLIST_KEY_UIApplicationSceneManifest_Generation = YES;
				INFOPLIST_KEY_UIApplicationSupportsIndirectInputEvents = YES;
				INFOPLIST_KEY_UILaunchScreen_Generation = YES;
				INFOPLIST_KEY_UISupportedInterfaceOrientations_iPad = "UIInterfaceOrientationPortrait UIInterfaceOrientationPortraitUpsideDown UIInterfaceOrientationLandscapeLeft UIInterfaceOrientationLandscapeRight";
				INFOPLIST_KEY_UISupportedInterfaceOrientations_iPhone = "UIInterfaceOrientationPortrait UIInterfaceOrientationLandscapeLeft UIInterfaceOrientationLandscapeRight";
				LD_RUNPATH_SEARCH_PATHS = (
					"$(inherited)",
					"@executable_path/Frameworks",
				);
				MARKETING_VERSION = 1.0;
				PRODUCT_BUNDLE_IDENTIFIER = test.TrustPipe.Polarwing.Polarwing;
				PRODUCT_NAME = "$(TARGET_NAME)";
				SWIFT_EMIT_LOC_STRINGS = YES;
				SWIFT_VERSION = 5.0;
				TARGETED_DEVICE_FAMILY = "1,2";
			};
			name = Debug;
		};
		F28B49432ED1D01B002687C7 /* Release */ = {
			isa = XCBuildConfiguration;
			buildSettings = {
				ASSETCATALOG_COMPILER_APPICON_NAME = AppIcon;
				ASSETCATALOG_COMPILER_GLOBAL_ACCENT_COLOR_NAME = AccentColor;
				CODE_SIGN_ENTITLEMENTS = Polarwing/Polarwing.entitlements;
				CODE_SIGN_STYLE = Automatic;
				CURRENT_PROJECT_VERSION = 1;
				DEVELOPMENT_TEAM = UD3269PSCB;
				ENABLE_PREVIEWS = YES;
				GENERATE_INFOPLIST_FILE = YES;
				INFOPLIST_KEY_NSCameraUsageDescription = "需要访问相机以拍摄照片发帖";
				INFOPLIST_KEY_NSFaceIDUsageDescription = "Generate P256 Signature";
				INFOPLIST_KEY_NSPhotoLibraryAddUsageDescription = "需要保存拍摄的照片到相册";
				INFOPLIST_KEY_NSPhotoLibraryUsageDescription = "需要访问相册以选择照片发帖";
				INFOPLIST_KEY_UIApplicationSceneManifest_Generation = YES;
				INFOPLIST_KEY_UIApplicationSupportsIndirectInputEvents = YES;
				INFOPLIST_KEY_UILaunchScreen_Generation = YES;
				INFOPLIST_KEY_UISupportedInterfaceOrientations_iPad = "UIInterfaceOrientationPortrait UIInterfaceOrientationPortraitUpsideDown UIInterfaceOrientationLandscapeLeft UIInterfaceOrientationLandscapeRight";
				INFOPLIST_KEY_UISupportedInterfaceOrientations_iPhone = "UIInterfaceOrientationPortrait UIInterfaceOrientationLandscapeLeft UIInterfaceOrientationLandscapeRight";
				LD_RUNPATH_SEARCH_PATHS = (
					"$(inherited)",
					"@executable_path/Frameworks",
				);
				MARKETING_VERSION = 1.0;
				PRODUCT_BUNDLE_IDENTIFIER = test.TrustPipe.Polarwing.Polarwing;
				PRODUCT_NAME = "$(TARGET_NAME)";
				SWIFT_EMIT_LOC_STRINGS = YES;
				SWIFT_VERSION = 5.0;
				TARGETED_DEVICE_FAMILY = "1,2";
			};
			name = Release;
		};
		F28B49452ED1D01B002687C7 /* Debug */ = {
			isa = XCBuildConfiguration;
			buildSettings = {
				BUNDLE_LOADER = "$(TEST_HOST)";
				CODE_SIGN_STYLE = Automatic;
				CURRENT_PROJECT_VERSION = 1;
				DEVELOPMENT_TEAM = UD3269PSCB;
				GENERATE_INFOPLIST_FILE = YES;
				IPHONEOS_DEPLOYMENT_TARGET = 18.5;
				MARKETING_VERSION = 1.0;
				PRODUCT_BUNDLE_IDENTIFIER = test.TrustPipe.Polarwing.PolarwingTests;
				PRODUCT_NAME = "$(TARGET_NAME)";
				SWIFT_EMIT_LOC_STRINGS = NO;
				SWIFT_VERSION = 5.0;
				TARGETED_DEVICE_FAMILY = "1,2";
				TEST_HOST = "$(BUILT_PRODUCTS_DIR)/Polarwing.app/$(BUNDLE_EXECUTABLE_FOLDER_PATH)/Polarwing";
			};
			name = Debug;
		};
		F28B49462ED1D01B002687C7 /* Release */ = {
			isa = XCBuildConfiguration;
			buildSettings = {
				BUNDLE_LOADER = "$(TEST_HOST)";
				CODE_SIGN_STYLE = Automatic;
				CURRENT_PROJECT_VERSION = 1;
				DEVELOPMENT_TEAM = UD3269PSCB;
				GENERATE_INFOPLIST_FILE = YES;
				IPHONEOS_DEPLOYMENT_TARGET = 18.5;
				MARKETING_VERSION = 1.0;
				PRODUCT_BUNDLE_IDENTIFIER = test.TrustPipe.Polarwing.PolarwingTests;
				PRODUCT_NAME = "$(TARGET_NAME)";
				SWIFT_EMIT_LOC_STRINGS = NO;
				SWIFT_VERSION = 5.0;
				TARGETED_DEVICE_FAMILY = "1,2";
				TEST_HOST = "$(BUILT_PRODUCTS_DIR)/Polarwing.app/$(BUNDLE_EXECUTABLE_FOLDER_PATH)/Polarwing";
			};
			name = Release;
		};
		F28B49482ED1D01B002687C7 /* Debug */ = {
			isa = XCBuildConfiguration;
			buildSettings = {
				CODE_SIGN_STYLE = Automatic;
				CURRENT_PROJECT_VERSION = 1;
				DEVELOPMENT_TEAM = UD3269PSCB;
				GENERATE_INFOPLIST_FILE = YES;
				MARKETING_VERSION = 1.0;
				PRODUCT_BUNDLE_IDENTIFIER = test.TrustPipe.Polarwing.PolarwingUITests;
				PRODUCT_NAME = "$(TARGET_NAME)";
				SWIFT_EMIT_LOC_STRINGS = NO;
				SWIFT_VERSION = 5.0;
				TARGETED_DEVICE_FAMILY = "1,2";
				TEST_TARGET_NAME = Polarwing;
			};
			name = Debug;
		};
		F28B49492ED1D01B002687C7 /* Release */ = {
			isa = XCBuildConfiguration;
			buildSettings = {
				CODE_SIGN_STYLE = Automatic;
				CURRENT_PROJECT_VERSION = 1;
				DEVELOPMENT_TEAM = UD3269PSCB;
				GENERATE_INFOPLIST_FILE = YES;
				MARKETING_VERSION = 1.0;
				PRODUCT_BUNDLE_IDENTIFIER = test.TrustPipe.Polarwing.PolarwingUITests;
				PRODUCT_NAME = "$(TARGET_NAME)";
				SWIFT_EMIT_LOC_STRINGS = NO;
				SWIFT_VERSION = 5.0;
				TARGETED_DEVICE_FAMILY = "1,2";
				TEST_TARGET_NAME = Polarwing;
			};
			name = Release;
		};
/* End XCBuildConfiguration section */

/* Begin XCConfigurationList section */
		F28B491B2ED1D019002687C7 /* Build configuration list for PBXProject "Polarwing" */ = {
			isa = XCConfigurationList;
			buildConfigurations = (
				F28B493F2ED1D01B002687C7 /* Debug */,
				F28B49402ED1D01B002687C7 /* Release */,
			);
			defaultConfigurationIsVisible = 0;
			defaultConfigurationName = Release;
		};
		F28B49412ED1D01B002687C7 /* Build configuration list for PBXNativeTarget "Polarwing" */ = {
			isa = XCConfigurationList;
			buildConfigurations = (
				F28B49422ED1D01B002687C7 /* Debug */,
				F28B49432ED1D01B002687C7 /* Release */,
			);
			defaultConfigurationIsVisible = 0;
			defaultConfigurationName = Release;
		};
		F28B49442ED1D01B002687C7 /* Build configuration list for PBXNativeTarget "PolarwingTests" */ = {
			isa = XCConfigurationList;
			buildConfigurations = (
				F28B49452ED1D01B002687C7 /* Debug */,
				F28B49462ED1D01B002687C7 /* Release */,
			);
			defaultConfigurationIsVisible = 0;
			defaultConfigurationName = Release;
		};
		F28B49472ED1D01B002687C7 /* Build configuration list for PBXNativeTarget "PolarwingUITests" */ = {
			isa = XCConfigurationList;
			buildConfigurations = (
				F28B49482ED1D01B002687C7 /* Debug */,
				F28B49492ED1D01B002687C7 /* Release */,
			);
			defaultConfigurationIsVisible = 0;
			defaultConfigurationName = Release;
		};
/* End XCConfigurationList section */
	};
	rootObject = F28B49182ED1D019002687C7 /* Project object */;
}
